{
  "name": "yz-angular2",
  "version": "0.0.0",
  "lockfileVersion": 1,
  "requires": true,
  "dependencies": {
    "angular2-counto": {
      "version": "1.2.5",
      "resolved": "https://registry.npmjs.org/angular2-counto/-/angular2-counto-1.2.5.tgz",
      "integrity": "sha512-W9WVzUOn+e5tRwHtz0EUiApOBjx1X3GbZ6FVb82f6mAaJdq756WIvMgK5kldpx8jJNsR3W/riF76G26zbs10gw=="
    }
  }
}
